// !$*UTF8*$!
{
	archiveVersion = 1;
	classes = {
	};
	objectVersion = 50;
	objects = {

/* Begin PBXBuildFile section */
		53D4EA27212B065900AFF696 /* AppDelegate.swift in Sources */ = {isa = PBXBuildFile; fileRef = 53D4EA26212B065900AFF696 /* AppDelegate.swift */; };
		53D4EA29212B065900AFF696 /* ViewController.swift in Sources */ = {isa = PBXBuildFile; fileRef = 53D4EA28212B065900AFF696 /* ViewController.swift */; };
		53D4EA2C212B065900AFF696 /* Main.storyboard in Resources */ = {isa = PBXBuildFile; fileRef = 53D4EA2A212B065900AFF696 /* Main.storyboard */; };
		53D4EA2E212B066B00AFF696 /* Assets.xcassets in Resources */ = {isa = PBXBuildFile; fileRef = 53D4EA2D212B066B00AFF696 /* Assets.xcassets */; };
		53D4EA31212B066B00AFF696 /* LaunchScreen.storyboard in Resources */ = {isa = PBXBuildFile; fileRef = 53D4EA2F212B066B00AFF696 /* LaunchScreen.storyboard */; };
		53D4EA43212B0CBE00AFF696 /* 2.jpg in Resources */ = {isa = PBXBuildFile; fileRef = 53D4EA38212B0CBC00AFF696 /* 2.jpg */; };
		53D4EA44212B0CBE00AFF696 /* 6.jpg in Resources */ = {isa = PBXBuildFile; fileRef = 53D4EA39212B0CBD00AFF696 /* 6.jpg */; };
		53D4EA45212B0CBE00AFF696 /* 1.jpg in Resources */ = {isa = PBXBuildFile; fileRef = 53D4EA3A212B0CBD00AFF696 /* 1.jpg */; };
		53D4EA46212B0CBE00AFF696 /* 5.jpg in Resources */ = {isa = PBXBuildFile; fileRef = 53D4EA3B212B0CBD00AFF696 /* 5.jpg */; };
		53D4EA47212B0CBE00AFF696 /* postline.png in Resources */ = {isa = PBXBuildFile; fileRef = 53D4EA3C212B0CBD00AFF696 /* postline.png */; };
		53D4EA48212B0CBE00AFF696 /* 8.jpg in Resources */ = {isa = PBXBuildFile; fileRef = 53D4EA3D212B0CBD00AFF696 /* 8.jpg */; };
		53D4EA49212B0CBE00AFF696 /* 3.jpg in Resources */ = {isa = PBXBuildFile; fileRef = 53D4EA3E212B0CBD00AFF696 /* 3.jpg */; };
		53D4EA4A212B0CBE00AFF696 /* 7.jpg in Resources */ = {isa = PBXBuildFile; fileRef = 53D4EA3F212B0CBD00AFF696 /* 7.jpg */; };
		53D4EA4B212B0CBE00AFF696 /* 0.jpg in Resources */ = {isa = PBXBuildFile; fileRef = 53D4EA40212B0CBD00AFF696 /* 0.jpg */; };
		53D4EA4C212B0CBE00AFF696 /* 4.jpg in Resources */ = {isa = PBXBuildFile; fileRef = 53D4EA41212B0CBE00AFF696 /* 4.jpg */; };
		53D4EA4D212B0CBE00AFF696 /* 9.jpg in Resources */ = {isa = PBXBuildFile; fileRef = 53D4EA42212B0CBE00AFF696 /* 9.jpg */; };
		53D4EA4F212B0E6600AFF696 /* NextViewController.swift in Sources */ = {isa = PBXBuildFile; fileRef = 53D4EA4E212B0E6600AFF696 /* NextViewController.swift */; };
		53D4EA51212B0EA600AFF696 /* SettingViewController.swift in Sources */ = {isa = PBXBuildFile; fileRef = 53D4EA50212B0EA600AFF696 /* SettingViewController.swift */; };
/* End PBXBuildFile section */

/* Begin PBXFileReference section */
		53D4EA23212B065900AFF696 /* JirodoWunderlist.app */ = {isa = PBXFileReference; explicitFileType = wrapper.application; includeInIndex = 0; path = JirodoWunderlist.app; sourceTree = BUILT_PRODUCTS_DIR; };
		53D4EA26212B065900AFF696 /* AppDelegate.swift */ = {isa = PBXFileReference; lastKnownFileType = sourcecode.swift; path = AppDelegate.swift; sourceTree = "<group>"; };
		53D4EA28212B065900AFF696 /* ViewController.swift */ = {isa = PBXFileReference; lastKnownFileType = sourcecode.swift; path = ViewController.swift; sourceTree = "<group>"; };
		53D4EA2B212B065900AFF696 /* Base */ = {isa = PBXFileReference; lastKnownFileType = file.storyboard; name = Base; path = Base.lproj/Main.storyboard; sourceTree = "<group>"; };
		53D4EA2D212B066B00AFF696 /* Assets.xcassets */ = {isa = PBXFileReference; lastKnownFileType = folder.assetcatalog; path = Assets.xcassets; sourceTree = "<group>"; };
		53D4EA30212B066B00AFF696 /* Base */ = {isa = PBXFileReference; lastKnownFileType = file.storyboard; name = Base; path = Base.lproj/LaunchScreen.storyboard; sourceTree = "<group>"; };
		53D4EA32212B066B00AFF696 /* Info.plist */ = {isa = PBXFileReference; lastKnownFileType = text.plist.xml; path = Info.plist; sourceTree = "<group>"; };
		53D4EA38212B0CBC00AFF696 /* 2.jpg */ = {isa = PBXFileReference; lastKnownFileType = image.jpeg; path = 2.jpg; sourceTree = "<group>"; };
		53D4EA39212B0CBD00AFF696 /* 6.jpg */ = {isa = PBXFileReference; lastKnownFileType = image.jpeg; path = 6.jpg; sourceTree = "<group>"; };
		53D4EA3A212B0CBD00AFF696 /* 1.jpg */ = {isa = PBXFileReference; lastKnownFileType = image.jpeg; path = 1.jpg; sourceTree = "<group>"; };
		53D4EA3B212B0CBD00AFF696 /* 5.jpg */ = {isa = PBXFileReference; lastKnownFileType = image.jpeg; path = 5.jpg; sourceTree = "<group>"; };
		53D4EA3C212B0CBD00AFF696 /* postline.png */ = {isa = PBXFileReference; lastKnownFileType = image.png; path = postline.png; sourceTree = "<group>"; };
		53D4EA3D212B0CBD00AFF696 /* 8.jpg */ = {isa = PBXFileReference; lastKnownFileType = image.jpeg; path = 8.jpg; sourceTree = "<group>"; };
		53D4EA3E212B0CBD00AFF696 /* 3.jpg */ = {isa = PBXFileReference; lastKnownFileType = image.jpeg; path = 3.jpg; sourceTree = "<group>"; };
		53D4EA3F212B0CBD00AFF696 /* 7.jpg */ = {isa = PBXFileReference; lastKnownFileType = image.jpeg; path = 7.jpg; sourceTree = "<group>"; };
		53D4EA40212B0CBD00AFF696 /* 0.jpg */ = {isa = PBXFileReference; lastKnownFileType = image.jpeg; path = 0.jpg; sourceTree = "<group>"; };
		53D4EA41212B0CBE00AFF696 /* 4.jpg */ = {isa = PBXFileReference; lastKnownFileType = image.jpeg; path = 4.jpg; sourceTree = "<group>"; };
		53D4EA42212B0CBE00AFF696 /* 9.jpg */ = {isa = PBXFileReference; lastKnownFileType = image.jpeg; path = 9.jpg; sourceTree = "<group>"; };
		53D4EA4E212B0E6600AFF696 /* NextViewController.swift */ = {isa = PBXFileReference; lastKnownFileType = sourcecode.swift; path = NextViewController.swift; sourceTree = "<group>"; };
		53D4EA50212B0EA600AFF696 /* SettingViewController.swift */ = {isa = PBXFileReference; lastKnownFileType = sourcecode.swift; path = SettingViewController.swift; sourceTree = "<group>"; };
/* End PBXFileReference section */

/* Begin PBXFrameworksBuildPhase section */
		53D4EA20212B065900AFF696 /* Frameworks */ = {
			isa = PBXFrameworksBuildPhase;
			buildActionMask = 2147483647;
			files = (
			);
			runOnlyForDeploymentPostprocessing = 0;
		};
/* End PBXFrameworksBuildPhase section */

/* Begin PBXGroup section */
		53D4EA1A212B065800AFF696 = {
			isa = PBXGroup;
			children = (
				53D4EA25212B065900AFF696 /* JirodoWunderlist */,
				53D4EA24212B065900AFF696 /* Products */,
			);
			sourceTree = "<group>";
		};
		53D4EA24212B065900AFF696 /* Products */ = {
			isa = PBXGroup;
			children = (
				53D4EA23212B065900AFF696 /* JirodoWunderlist.app */,
			);
			name = Products;
			sourceTree = "<group>";
		};
		53D4EA25212B065900AFF696 /* JirodoWunderlist */ = {
			isa = PBXGroup;
			children = (
				53D4EA40212B0CBD00AFF696 /* 0.jpg */,
				53D4EA3A212B0CBD00AFF696 /* 1.jpg */,
				53D4EA38212B0CBC00AFF696 /* 2.jpg */,
				53D4EA3E212B0CBD00AFF696 /* 3.jpg */,
				53D4EA41212B0CBE00AFF696 /* 4.jpg */,
				53D4EA3B212B0CBD00AFF696 /* 5.jpg */,
				53D4EA39212B0CBD00AFF696 /* 6.jpg */,
				53D4EA3F212B0CBD00AFF696 /* 7.jpg */,
				53D4EA3D212B0CBD00AFF696 /* 8.jpg */,
				53D4EA42212B0CBE00AFF696 /* 9.jpg */,
				53D4EA3C212B0CBD00AFF696 /* postline.png */,
				53D4EA26212B065900AFF696 /* AppDelegate.swift */,
				53D4EA28212B065900AFF696 /* ViewController.swift */,
				53D4EA4E212B0E6600AFF696 /* NextViewController.swift */,
				53D4EA50212B0EA600AFF696 /* SettingViewController.swift */,
				53D4EA2A212B065900AFF696 /* Main.storyboard */,
				53D4EA2D212B066B00AFF696 /* Assets.xcassets */,
				53D4EA2F212B066B00AFF696 /* LaunchScreen.storyboard */,
				53D4EA32212B066B00AFF696 /* Info.plist */,
			);
			path = JirodoWunderlist;
			sourceTree = "<group>";
		};
/* End PBXGroup section */

/* Begin PBXNativeTarget section */
		53D4EA22212B065900AFF696 /* JirodoWunderlist */ = {
			isa = PBXNativeTarget;
			buildConfigurationList = 53D4EA35212B066B00AFF696 /* Build configuration list for PBXNativeTarget "JirodoWunderlist" */;
			buildPhases = (
				53D4EA1F212B065900AFF696 /* Sources */,
				53D4EA20212B065900AFF696 /* Frameworks */,
				53D4EA21212B065900AFF696 /* Resources */,
			);
			buildRules = (
			);
			dependencies = (
			);
			name = JirodoWunderlist;
			productName = JirodoWunderlist;
			productReference = 53D4EA23212B065900AFF696 /* JirodoWunderlist.app */;
			productType = "com.apple.product-type.application";
		};
/* End PBXNativeTarget section */

/* Begin PBXProject section */
		53D4EA1B212B065800AFF696 /* Project object */ = {
			isa = PBXProject;
			attributes = {
				LastSwiftUpdateCheck = 0940;
				LastUpgradeCheck = 0940;
				ORGANIZATIONNAME = free;
				TargetAttributes = {
					53D4EA22212B065900AFF696 = {
						CreatedOnToolsVersion = 9.4.1;
					};
				};
			};
			buildConfigurationList = 53D4EA1E212B065800AFF696 /* Build configuration list for PBXProject "JirodoWunderlist" */;
			compatibilityVersion = "Xcode 9.3";
			developmentRegion = en;
			hasScannedForEncodings = 0;
			knownRegions = (
				en,
				Base,
			);
			mainGroup = 53D4EA1A212B065800AFF696;
			productRefGroup = 53D4EA24212B065900AFF696 /* Products */;
			projectDirPath = "";
			projectRoot = "";
			targets = (
				53D4EA22212B065900AFF696 /* JirodoWunderlist */,
			);
		};
/* End PBXProject section */

/* Begin PBXResourcesBuildPhase section */
		53D4EA21212B065900AFF696 /* Resources */ = {
			isa = PBXResourcesBuildPhase;
			buildActionMask = 2147483647;
			files = (
				53D4EA4B212B0CBE00AFF696 /* 0.jpg in Resources */,
				53D4EA4A212B0CBE00AFF696 /* 7.jpg in Resources */,
				53D4EA31212B066B00AFF696 /* LaunchScreen.storyboard in Resources */,
				53D4EA2E212B066B00AFF696 /* Assets.xcassets in Resources */,
				53D4EA43212B0CBE00AFF696 /* 2.jpg in Resources */,
				53D4EA48212B0CBE00AFF696 /* 8.jpg in Resources */,
				53D4EA45212B0CBE00AFF696 /* 1.jpg in Resources */,
				53D4EA49212B0CBE00AFF696 /* 3.jpg in Resources */,
				53D4EA46212B0CBE00AFF696 /* 5.jpg in Resources */,
				53D4EA4D212B0CBE00AFF696 /* 9.jpg in Resources */,
				53D4EA47212B0CBE00AFF696 /* postline.png in Resources */,
				53D4EA2C212B065900AFF696 /* Main.storyboard in Resources */,
				53D4EA44212B0CBE00AFF696 /* 6.jpg in Resources */,
				53D4EA4C212B0CBE00AFF696 /* 4.jpg in Resources */,
			);
			runOnlyForDeploymentPostprocessing = 0;
		};
/* End PBXResourcesBuildPhase section */

/* Begin PBXSourcesBuildPhase section */
		53D4EA1F212B065900AFF696 /* Sources */ = {
			isa = PBXSourcesBuildPhase;
			buildActionMask = 2147483647;
			files = (
				53D4EA29212B065900AFF696 /* ViewController.swift in Sources */,
				53D4EA4F212B0E6600AFF696 /* NextViewController.swift in Sources */,
				53D4EA27212B065900AFF696 /* AppDelegate.swift in Sources */,
				53D4EA51212B0EA600AFF696 /* SettingViewController.swift in Sources */,
			);
			runOnlyForDeploymentPostprocessing = 0;
		};
/* End PBXSourcesBuildPhase section */

/* Begin PBXVariantGroup section */
		53D4EA2A212B065900AFF696 /* Main.storyboard */ = {
			isa = PBXVariantGroup;
			children = (
				53D4EA2B212B065900AFF696 /* Base */,
			);
			name = Main.storyboard;
			sourceTree = "<group>";
		};
		53D4EA2F212B066B00AFF696 /* LaunchScreen.storyboard */ = {
			isa = PBXVariantGroup;
			children = (
				53D4EA30212B066B00AFF696 /* Base */,
			);
			name = LaunchScreen.storyboard;
			sourceTree = "<group>";
		};
/* End PBXVariantGroup section */

/* Begin XCBuildConfiguration section */
		53D4EA33212B066B00AFF696 /* Debug */ = {
			isa = XCBuildConfiguration;
			buildSettings = {
				ALWAYS_SEARCH_USER_PATHS = NO;
				CLANG_ANALYZER_NONNULL = YES;
				CLANG_ANALYZER_NUMBER_OBJECT_CONVERSION = YES_AGGRESSIVE;
				CLANG_CXX_LANGUAGE_STANDARD = "gnu++14";
				CLANG_CXX_LIBRARY = "libc++";
				CLANG_ENABLE_MODULES = YES;
				CLANG_ENABLE_OBJC_ARC = YES;
				CLANG_ENABLE_OBJC_WEAK = YES;
				CLANG_WARN_BLOCK_CAPTURE_AUTORELEASING = YES;
				CLANG_WARN_BOOL_CONVERSION = YES;
				CLANG_WARN_COMMA = YES;
				CLANG_WARN_CONSTANT_CONVERSION = YES;
				CLANG_WARN_DEPRECATED_OBJC_IMPLEMENTATIONS = YES;
				CLANG_WARN_DIRECT_OBJC_ISA_USAGE = YES_ERROR;
				CLANG_WARN_DOCUMENTATION_COMMENTS = YES;
				CLANG_WARN_EMPTY_BODY = YES;
				CLANG_WARN_ENUM_CONVERSION = YES;
				CLANG_WARN_INFINITE_RECURSION = YES;
				CLANG_WARN_INT_CONVERSION = YES;
				CLANG_WARN_NON_LITERAL_NULL_CONVERSION = YES;
				CLANG_WARN_OBJC_IMPLICIT_RETAIN_SELF = YES;
				CLANG_WARN_OBJC_LITERAL_CONVERSION = YES;
				CLANG_WARN_OBJC_ROOT_CLASS = YES_ERROR;
				CLANG_WARN_RANGE_LOOP_ANALYSIS = YES;
				CLANG_WARN_STRICT_PROTOTYPES = YES;
				CLANG_WARN_SUSPICIOUS_MOVE = YES;
				CLANG_WARN_UNGUARDED_AVAILABILITY = YES_AGGRESSIVE;
				CLANG_WARN_UNREACHABLE_CODE = YES;
				CLANG_WARN__DUPLICATE_METHOD_MATCH = YES;
				CODE_SIGN_IDENTITY = "iPhone Developer";
				COPY_PHASE_STRIP = NO;
				DEBUG_INFORMATION_FORMAT = dwarf;
				ENABLE_STRICT_OBJC_MSGSEND = YES;
				ENABLE_TESTABILITY = YES;
				GCC_C_LANGUAGE_STANDARD = gnu11;
				GCC_DYNAMIC_NO_PIC = NO;
				GCC_NO_COMMON_BLOCKS = YES;
				GCC_OPTIMIZATION_LEVEL = 0;
				GCC_PREPROCESSOR_DEFINITIONS = (
					"DEBUG=1",
					"$(inherited)",
				);
				GCC_WARN_64_TO_32_BIT_CONVERSION = YES;
				GCC_WARN_ABOUT_RETURN_TYPE = YES_ERROR;
				GCC_WARN_UNDECLARED_SELECTOR = YES;
				GCC_WARN_UNINITIALIZED_AUTOS = YES_AGGRESSIVE;
				GCC_WARN_UNUSED_FUNCTION = YES;
				GCC_WARN_UNUSED_VARIABLE = YES;
				IPHONEOS_DEPLOYMENT_TARGET = 11.4;
				MTL_ENABLE_DEBUG_INFO = YES;
				ONLY_ACTIVE_ARCH = YES;
				SDKROOT = iphoneos;
				SWIFT_ACTIVE_COMPILATION_CONDITIONS = DEBUG;
				SWIFT_OPTIMIZATION_LEVEL = "-Onone";
			};
			name = Debug;
		};
		53D4EA34212B066B00AFF696 /* Release */ = {
			isa = XCBuildConfiguration;
			buildSettings = {
				ALWAYS_SEARCH_USER_PATHS = NO;
				CLANG_ANALYZER_NONNULL = YES;
				CLANG_ANALYZER_NUMBER_OBJECT_CONVERSION = YES_AGGRESSIVE;
				CLANG_CXX_LANGUAGE_STANDARD = "gnu++14";
				CLANG_CXX_LIBRARY = "libc++";
				CLANG_ENABLE_MODULES = YES;
				CLANG_ENABLE_OBJC_ARC = YES;
				CLANG_ENABLE_OBJC_WEAK = YES;
				CLANG_WARN_BLOCK_CAPTURE_AUTORELEASING = YES;
				CLANG_WARN_BOOL_CONVERSION = YES;
				CLANG_WARN_COMMA = YES;
				CLANG_WARN_CONSTANT_CONVERSION = YES;
				CLANG_WARN_DEPRECATED_OBJC_IMPLEMENTATIONS = YES;
				CLANG_WARN_DIRECT_OBJC_ISA_USAGE = YES_ERROR;
				CLANG_WARN_DOCUMENTATION_COMMENTS = YES;
				CLANG_WARN_EMPTY_BODY = YES;
				CLANG_WARN_ENUM_CONVERSION = YES;
				CLANG_WARN_INFINITE_RECURSION = YES;
				CLANG_WARN_INT_CONVERSION = YES;
				CLANG_WARN_NON_LITERAL_NULL_CONVERSION = YES;
				CLANG_WARN_OBJC_IMPLICIT_RETAIN_SELF = YES;
				CLANG_WARN_OBJC_LITERAL_CONVERSION = YES;
				CLANG_WARN_OBJC_ROOT_CLASS = YES_ERROR;
				CLANG_WARN_RANGE_LOOP_ANALYSIS = YES;
				CLANG_WARN_STRICT_PROTOTYPES = YES;
				CLANG_WARN_SUSPICIOUS_MOVE = YES;
				CLANG_WARN_UNGUARDED_AVAILABILITY = YES_AGGRESSIVE;
				CLANG_WARN_UNREACHABLE_CODE = YES;
				CLANG_WARN__DUPLICATE_METHOD_MATCH = YES;
				CODE_SIGN_IDENTITY = "iPhone Developer";
				COPY_PHASE_STRIP = NO;
				DEBUG_INFORMATION_FORMAT = "dwarf-with-dsym";
				ENABLE_NS_ASSERTIONS = NO;
				ENABLE_STRICT_OBJC_MSGSEND = YES;
				GCC_C_LANGUAGE_STANDARD = gnu11;
				GCC_NO_COMMON_BLOCKS = YES;
				GCC_WARN_64_TO_32_BIT_CONVERSION = YES;
				GCC_WARN_ABOUT_RETURN_TYPE = YES_ERROR;
				GCC_WARN_UNDECLARED_SELECTOR = YES;
				GCC_WARN_UNINITIALIZED_AUTOS = YES_AGGRESSIVE;
				GCC_WARN_UNUSED_FUNCTION = YES;
				GCC_WARN_UNUSED_VARIABLE = YES;
				IPHONEOS_DEPLOYMENT_TARGET = 11.4;
				MTL_ENABLE_DEBUG_INFO = NO;
				SDKROOT = iphoneos;
				SWIFT_COMPILATION_MODE = wholemodule;
				SWIFT_OPTIMIZATION_LEVEL = "-O";
				VALIDATE_PRODUCT = YES;
			};
			name = Release;
		};
		53D4EA36212B066B00AFF696 /* Debug */ = {
			isa = XCBuildConfiguration;
			buildSettings = {
				ASSETCATALOG_COMPILER_APPICON_NAME = AppIcon;
				CODE_SIGN_STYLE = Automatic;
				DEVELOPMENT_TEAM = 9SNX56D9Y3;
				INFOPLIST_FILE = JirodoWunderlist/Info.plist;
				LD_RUNPATH_SEARCH_PATHS = (
					"$(inherited)",
					"@executable_path/Frameworks",
				);
				PRODUCT_BUNDLE_IDENTIFIER = com.gmail.skth.s.0410.JirodoWunderlist;
				PRODUCT_NAME = "$(TARGET_NAME)";
				SWIFT_VERSION = 4.0;
				TARGETED_DEVICE_FAMILY = "1,2";
			};
			name = Debug;
		};
		53D4EA37212B066B00AFF696 /* Release */ = {
			isa = XCBuildConfiguration;
			buildSettings = {
				ASSETCATALOG_COMPILER_APPICON_NAME = AppIcon;
				CODE_SIGN_STYLE = Automatic;
				DEVELOPMENT_TEAM = 9SNX56D9Y3;
				INFOPLIST_FILE = JirodoWunderlist/Info.plist;
				LD_RUNPATH_SEARCH_PATHS = (
					"$(inherited)",
					"@executable_path/Frameworks",
				);
				PRODUCT_BUNDLE_IDENTIFIER = com.gmail.skth.s.0410.JirodoWunderlist;
				PRODUCT_NAME = "$(TARGET_NAME)";
				SWIFT_VERSION = 4.0;
				TARGETED_DEVICE_FAMILY = "1,2";
			};
			name = Release;
		};
/* End XCBuildConfiguration section */

/* Begin XCConfigurationList section */
		53D4EA1E212B065800AFF696 /* Build configuration list for PBXProject "JirodoWunderlist" */ = {
			isa = XCConfigurationList;
			buildConfigurations = (
				53D4EA33212B066B00AFF696 /* Debug */,
				53D4EA34212B066B00AFF696 /* Release */,
			);
			defaultConfigurationIsVisible = 0;
			defaultConfigurationName = Release;
		};
		53D4EA35212B066B00AFF696 /* Build configuration list for PBXNativeTarget "JirodoWunderlist" */ = {
			isa = XCConfigurationList;
			buildConfigurations = (
				53D4EA36212B066B00AFF696 /* Debug */,
				53D4EA37212B066B00AFF696 /* Release */,
			);
			defaultConfigurationIsVisible = 0;
			defaultConfigurationName = Release;
		};
/* End XCConfigurationList section */
	};
	rootObject = 53D4EA1B212B065800AFF696 /* Project object */;
}
